// !$*UTF8*$!
{
	archiveVersion = 1;
	classes = {
	};
	objectVersion = 50;
	objects = {

/* Begin PBXBuildFile section */
		5600899725BC829B00A61A20 /* ResponseEnvelope.swift in Sources */ = {isa = PBXBuildFile; fileRef = 5600899625BC829B00A61A20 /* ResponseEnvelope.swift */; };
		5601E7CD244248AB0082E954 /* AppDelegate.swift in Sources */ = {isa = PBXBuildFile; fileRef = 5601E7CC244248AB0082E954 /* AppDelegate.swift */; };
		5601E7CF244248AB0082E954 /* SceneDelegate.swift in Sources */ = {isa = PBXBuildFile; fileRef = 5601E7CE244248AB0082E954 /* SceneDelegate.swift */; };
		5601E7D1244248AB0082E954 /* ViewController.swift in Sources */ = {isa = PBXBuildFile; fileRef = 5601E7D0244248AB0082E954 /* ViewController.swift */; };
		5601E7D4244248AB0082E954 /* Main.storyboard in Resources */ = {isa = PBXBuildFile; fileRef = 5601E7D2244248AB0082E954 /* Main.storyboard */; };
		5601E7D6244248AB0082E954 /* Assets.xcassets in Resources */ = {isa = PBXBuildFile; fileRef = 5601E7D5244248AB0082E954 /* Assets.xcassets */; };
		5601E7D9244248AB0082E954 /* LaunchScreen.storyboard in Resources */ = {isa = PBXBuildFile; fileRef = 5601E7D7244248AB0082E954 /* LaunchScreen.storyboard */; };
		5601E7E7259A7DCC0082E954 /* LoginViewController.swift in Sources */ = {isa = PBXBuildFile; fileRef = 5601E7E6259A7DCC0082E954 /* LoginViewController.swift */; };
		560CC02625B6278A003C4BF7 /* User.swift in Sources */ = {isa = PBXBuildFile; fileRef = 560CC02525B6278A003C4BF7 /* User.swift */; };
		560CC02825B627FC003C4BF7 /* GlobalVariables.swift in Sources */ = {isa = PBXBuildFile; fileRef = 560CC02725B627FC003C4BF7 /* GlobalVariables.swift */; };
		560CC02A25B62833003C4BF7 /* DeliveryNote.swift in Sources */ = {isa = PBXBuildFile; fileRef = 560CC02925B62833003C4BF7 /* DeliveryNote.swift */; };
		560CC02E25B62FDF003C4BF7 /* DeliveryNoteDetails.swift in Sources */ = {isa = PBXBuildFile; fileRef = 560CC02D25B62FDF003C4BF7 /* DeliveryNoteDetails.swift */; };
		560E1AF925CEC9B70041A9A2 /* DeliveryNoteDetailsViewController.swift in Sources */ = {isa = PBXBuildFile; fileRef = 560E1AF825CEC9B70041A9A2 /* DeliveryNoteDetailsViewController.swift */; };
		5642AE0925BC734A00045E09 /* WebFunctions.swift in Sources */ = {isa = PBXBuildFile; fileRef = 560CC02325B6276C003C4BF7 /* WebFunctions.swift */; };
		5653EBA225CEDE80003234C7 /* DeliveryNoteDetailsCell.swift in Sources */ = {isa = PBXBuildFile; fileRef = 5653EBA125CEDE80003234C7 /* DeliveryNoteDetailsCell.swift */; };
		5682006C25CEBB32008EF367 /* GlobalFunctions.swift in Sources */ = {isa = PBXBuildFile; fileRef = 5682006B25CEBB32008EF367 /* GlobalFunctions.swift */; };
		569BF8A725BF76DC00DF8030 /* SplashViewController.swift in Sources */ = {isa = PBXBuildFile; fileRef = 569BF8A625BF76DC00DF8030 /* SplashViewController.swift */; };
		569BF8A925BF7B4000DF8030 /* MyProfileViewController.swift in Sources */ = {isa = PBXBuildFile; fileRef = 569BF8A825BF7B4000DF8030 /* MyProfileViewController.swift */; };
		569BF8AB25C5756B00DF8030 /* DeliveryNoteRow.swift in Sources */ = {isa = PBXBuildFile; fileRef = 569BF8AA25C5756B00DF8030 /* DeliveryNoteRow.swift */; };
		569BF8AD25C57D1100DF8030 /* DeliveryNoteList.swift in Sources */ = {isa = PBXBuildFile; fileRef = 569BF8AC25C57D1100DF8030 /* DeliveryNoteList.swift */; };
		569BF8AF25C599E400DF8030 /* DeliveryNoteTableViewController.swift in Sources */ = {isa = PBXBuildFile; fileRef = 569BF8AE25C599E400DF8030 /* DeliveryNoteTableViewController.swift */; };
		56CC94DB25C6AE330050F4F6 /* DeliveryNoteCell.swift in Sources */ = {isa = PBXBuildFile; fileRef = 56CC94DA25C6AE330050F4F6 /* DeliveryNoteCell.swift */; };
		56EEA85925CCA71E00812A2B /* DeliveryNoteHeaderCell.swift in Sources */ = {isa = PBXBuildFile; fileRef = 56EEA85825CCA71E00812A2B /* DeliveryNoteHeaderCell.swift */; };
/* End PBXBuildFile section */

/* Begin PBXFileReference section */
		5600899625BC829B00A61A20 /* ResponseEnvelope.swift */ = {isa = PBXFileReference; lastKnownFileType = sourcecode.swift; path = ResponseEnvelope.swift; sourceTree = "<group>"; };
		5601E7C9244248AB0082E954 /* zoomenta.app */ = {isa = PBXFileReference; explicitFileType = wrapper.application; includeInIndex = 0; path = zoomenta.app; sourceTree = BUILT_PRODUCTS_DIR; };
		5601E7CC244248AB0082E954 /* AppDelegate.swift */ = {isa = PBXFileReference; lastKnownFileType = sourcecode.swift; path = AppDelegate.swift; sourceTree = "<group>"; };
		5601E7CE244248AB0082E954 /* SceneDelegate.swift */ = {isa = PBXFileReference; lastKnownFileType = sourcecode.swift; path = SceneDelegate.swift; sourceTree = "<group>"; };
		5601E7D0244248AB0082E954 /* ViewController.swift */ = {isa = PBXFileReference; lastKnownFileType = sourcecode.swift; path = ViewController.swift; sourceTree = "<group>"; };
		5601E7D3244248AB0082E954 /* Base */ = {isa = PBXFileReference; lastKnownFileType = file.storyboard; name = Base; path = Base.lproj/Main.storyboard; sourceTree = "<group>"; };
		5601E7D5244248AB0082E954 /* Assets.xcassets */ = {isa = PBXFileReference; lastKnownFileType = folder.assetcatalog; path = Assets.xcassets; sourceTree = "<group>"; };
		5601E7D8244248AB0082E954 /* Base */ = {isa = PBXFileReference; lastKnownFileType = file.storyboard; name = Base; path = Base.lproj/LaunchScreen.storyboard; sourceTree = "<group>"; };
		5601E7DA244248AB0082E954 /* Info.plist */ = {isa = PBXFileReference; lastKnownFileType = text.plist.xml; path = Info.plist; sourceTree = "<group>"; };
		5601E7E6259A7DCC0082E954 /* LoginViewController.swift */ = {isa = PBXFileReference; lastKnownFileType = sourcecode.swift; path = LoginViewController.swift; sourceTree = "<group>"; };
		560CC02325B6276C003C4BF7 /* WebFunctions.swift */ = {isa = PBXFileReference; lastKnownFileType = sourcecode.swift; path = WebFunctions.swift; sourceTree = "<group>"; };
		560CC02525B6278A003C4BF7 /* User.swift */ = {isa = PBXFileReference; lastKnownFileType = sourcecode.swift; path = User.swift; sourceTree = "<group>"; };
		560CC02725B627FC003C4BF7 /* GlobalVariables.swift */ = {isa = PBXFileReference; lastKnownFileType = sourcecode.swift; path = GlobalVariables.swift; sourceTree = "<group>"; };
		560CC02925B62833003C4BF7 /* DeliveryNote.swift */ = {isa = PBXFileReference; lastKnownFileType = sourcecode.swift; path = DeliveryNote.swift; sourceTree = "<group>"; };
		560CC02D25B62FDF003C4BF7 /* DeliveryNoteDetails.swift */ = {isa = PBXFileReference; lastKnownFileType = sourcecode.swift; path = DeliveryNoteDetails.swift; sourceTree = "<group>"; };
		560E1AF825CEC9B70041A9A2 /* DeliveryNoteDetailsViewController.swift */ = {isa = PBXFileReference; lastKnownFileType = sourcecode.swift; path = DeliveryNoteDetailsViewController.swift; sourceTree = "<group>"; };
		5653EBA125CEDE80003234C7 /* DeliveryNoteDetailsCell.swift */ = {isa = PBXFileReference; lastKnownFileType = sourcecode.swift; path = DeliveryNoteDetailsCell.swift; sourceTree = "<group>"; };
		5682006B25CEBB32008EF367 /* GlobalFunctions.swift */ = {isa = PBXFileReference; fileEncoding = 4; lastKnownFileType = sourcecode.swift; name = GlobalFunctions.swift; path = ../../../Aman365iOSApp/Aman365iOSApp/Classes/GlobalFunctions.swift; sourceTree = "<group>"; };
		569BF8A625BF76DC00DF8030 /* SplashViewController.swift */ = {isa = PBXFileReference; lastKnownFileType = sourcecode.swift; path = SplashViewController.swift; sourceTree = "<group>"; };
		569BF8A825BF7B4000DF8030 /* MyProfileViewController.swift */ = {isa = PBXFileReference; lastKnownFileType = sourcecode.swift; path = MyProfileViewController.swift; sourceTree = "<group>"; };
		569BF8AA25C5756B00DF8030 /* DeliveryNoteRow.swift */ = {isa = PBXFileReference; lastKnownFileType = sourcecode.swift; path = DeliveryNoteRow.swift; sourceTree = "<group>"; };
		569BF8AC25C57D1100DF8030 /* DeliveryNoteList.swift */ = {isa = PBXFileReference; lastKnownFileType = sourcecode.swift; path = DeliveryNoteList.swift; sourceTree = "<group>"; };
		569BF8AE25C599E400DF8030 /* DeliveryNoteTableViewController.swift */ = {isa = PBXFileReference; lastKnownFileType = sourcecode.swift; path = DeliveryNoteTableViewController.swift; sourceTree = "<group>"; };
		56CC94DA25C6AE330050F4F6 /* DeliveryNoteCell.swift */ = {isa = PBXFileReference; lastKnownFileType = sourcecode.swift; path = DeliveryNoteCell.swift; sourceTree = "<group>"; };
		56EEA85825CCA71E00812A2B /* DeliveryNoteHeaderCell.swift */ = {isa = PBXFileReference; fileEncoding = 4; lastKnownFileType = sourcecode.swift; path = DeliveryNoteHeaderCell.swift; sourceTree = "<group>"; };
/* End PBXFileReference section */

/* Begin PBXFrameworksBuildPhase section */
		5601E7C6244248AB0082E954 /* Frameworks */ = {
			isa = PBXFrameworksBuildPhase;
			buildActionMask = 2147483647;
			files = (
			);
			runOnlyForDeploymentPostprocessing = 0;
		};
/* End PBXFrameworksBuildPhase section */

/* Begin PBXGroup section */
		5601E7C0244248AB0082E954 = {
			isa = PBXGroup;
			children = (
				5601E7CB244248AB0082E954 /* zoomenta */,
				5601E7CA244248AB0082E954 /* Products */,
			);
			sourceTree = "<group>";
		};
		5601E7CA244248AB0082E954 /* Products */ = {
			isa = PBXGroup;
			children = (
				5601E7C9244248AB0082E954 /* zoomenta.app */,
			);
			name = Products;
			sourceTree = "<group>";
		};
		5601E7CB244248AB0082E954 /* zoomenta */ = {
			isa = PBXGroup;
			children = (
				5642AE0825BC673300045E09 /* ApiManager */,
				560CC02225B62759003C4BF7 /* Classes */,
				5601E7E3259A7D550082E954 /* UIControllers */,
				5601E7CC244248AB0082E954 /* AppDelegate.swift */,
				5601E7CE244248AB0082E954 /* SceneDelegate.swift */,
				5601E7D0244248AB0082E954 /* ViewController.swift */,
				5601E7D2244248AB0082E954 /* Main.storyboard */,
				5601E7D5244248AB0082E954 /* Assets.xcassets */,
				5601E7D7244248AB0082E954 /* LaunchScreen.storyboard */,
				5601E7DA244248AB0082E954 /* Info.plist */,
			);
			path = zoomenta;
			sourceTree = "<group>";
		};
		5601E7E3259A7D550082E954 /* UIControllers */ = {
			isa = PBXGroup;
			children = (
				569BF8AE25C599E400DF8030 /* DeliveryNoteTableViewController.swift */,
				56EEA85825CCA71E00812A2B /* DeliveryNoteHeaderCell.swift */,
				56CC94DA25C6AE330050F4F6 /* DeliveryNoteCell.swift */,
				5601E7E6259A7DCC0082E954 /* LoginViewController.swift */,
				569BF8A625BF76DC00DF8030 /* SplashViewController.swift */,
				569BF8A825BF7B4000DF8030 /* MyProfileViewController.swift */,
				569BF8AA25C5756B00DF8030 /* DeliveryNoteRow.swift */,
				569BF8AC25C57D1100DF8030 /* DeliveryNoteList.swift */,
				560E1AF825CEC9B70041A9A2 /* DeliveryNoteDetailsViewController.swift */,
				5653EBA125CEDE80003234C7 /* DeliveryNoteDetailsCell.swift */,
			);
			path = UIControllers;
			sourceTree = "<group>";
		};
		560CC02225B62759003C4BF7 /* Classes */ = {
			isa = PBXGroup;
			children = (
				5682006B25CEBB32008EF367 /* GlobalFunctions.swift */,
				560CC02525B6278A003C4BF7 /* User.swift */,
				560CC02725B627FC003C4BF7 /* GlobalVariables.swift */,
				560CC02925B62833003C4BF7 /* DeliveryNote.swift */,
				560CC02D25B62FDF003C4BF7 /* DeliveryNoteDetails.swift */,
				5600899625BC829B00A61A20 /* ResponseEnvelope.swift */,
			);
			path = Classes;
			sourceTree = "<group>";
		};
		5642AE0825BC673300045E09 /* ApiManager */ = {
			isa = PBXGroup;
			children = (
				560CC02325B6276C003C4BF7 /* WebFunctions.swift */,
			);
			path = ApiManager;
			sourceTree = "<group>";
		};
/* End PBXGroup section */

/* Begin PBXNativeTarget section */
		5601E7C8244248AB0082E954 /* zoomenta */ = {
			isa = PBXNativeTarget;
			buildConfigurationList = 5601E7DD244248AB0082E954 /* Build configuration list for PBXNativeTarget "zoomenta" */;
			buildPhases = (
				5601E7C5244248AB0082E954 /* Sources */,
				5601E7C6244248AB0082E954 /* Frameworks */,
				5601E7C7244248AB0082E954 /* Resources */,
			);
			buildRules = (
			);
			dependencies = (
			);
			name = zoomenta;
			productName = zoomenta;
			productReference = 5601E7C9244248AB0082E954 /* zoomenta.app */;
			productType = "com.apple.product-type.application";
		};
/* End PBXNativeTarget section */

/* Begin PBXProject section */
		5601E7C1244248AB0082E954 /* Project object */ = {
			isa = PBXProject;
			attributes = {
				LastSwiftUpdateCheck = 1120;
				LastUpgradeCheck = 1120;
				ORGANIZATIONNAME = "Ahmad El Kaaki";
				TargetAttributes = {
					5601E7C8244248AB0082E954 = {
						CreatedOnToolsVersion = 11.2;
					};
				};
			};
			buildConfigurationList = 5601E7C4244248AB0082E954 /* Build configuration list for PBXProject "zoomenta" */;
			compatibilityVersion = "Xcode 9.3";
			developmentRegion = en;
			hasScannedForEncodings = 0;
			knownRegions = (
				en,
				Base,
			);
			mainGroup = 5601E7C0244248AB0082E954;
			productRefGroup = 5601E7CA244248AB0082E954 /* Products */;
			projectDirPath = "";
			projectRoot = "";
			targets = (
				5601E7C8244248AB0082E954 /* zoomenta */,
			);
		};
/* End PBXProject section */

/* Begin PBXResourcesBuildPhase section */
		5601E7C7244248AB0082E954 /* Resources */ = {
			isa = PBXResourcesBuildPhase;
			buildActionMask = 2147483647;
			files = (
				5601E7D9244248AB0082E954 /* LaunchScreen.storyboard in Resources */,
				5601E7D6244248AB0082E954 /* Assets.xcassets in Resources */,
				5601E7D4244248AB0082E954 /* Main.storyboard in Resources */,
			);
			runOnlyForDeploymentPostprocessing = 0;
		};
/* End PBXResourcesBuildPhase section */

/* Begin PBXSourcesBuildPhase section */
		5601E7C5244248AB0082E954 /* Sources */ = {
			isa = PBXSourcesBuildPhase;
			buildActionMask = 2147483647;
			files = (
				5653EBA225CEDE80003234C7 /* DeliveryNoteDetailsCell.swift in Sources */,
				560CC02A25B62833003C4BF7 /* DeliveryNote.swift in Sources */,
				569BF8AD25C57D1100DF8030 /* DeliveryNoteList.swift in Sources */,
				569BF8A725BF76DC00DF8030 /* SplashViewController.swift in Sources */,
				5601E7E7259A7DCC0082E954 /* LoginViewController.swift in Sources */,
				5600899725BC829B00A61A20 /* ResponseEnvelope.swift in Sources */,
				560CC02825B627FC003C4BF7 /* GlobalVariables.swift in Sources */,
				5601E7D1244248AB0082E954 /* ViewController.swift in Sources */,
				569BF8AB25C5756B00DF8030 /* DeliveryNoteRow.swift in Sources */,
				5682006C25CEBB32008EF367 /* GlobalFunctions.swift in Sources */,
				5642AE0925BC734A00045E09 /* WebFunctions.swift in Sources */,
				569BF8A925BF7B4000DF8030 /* MyProfileViewController.swift in Sources */,
				560CC02E25B62FDF003C4BF7 /* DeliveryNoteDetails.swift in Sources */,
				560E1AF925CEC9B70041A9A2 /* DeliveryNoteDetailsViewController.swift in Sources */,
				56CC94DB25C6AE330050F4F6 /* DeliveryNoteCell.swift in Sources */,
				5601E7CD244248AB0082E954 /* AppDelegate.swift in Sources */,
				56EEA85925CCA71E00812A2B /* DeliveryNoteHeaderCell.swift in Sources */,
				5601E7CF244248AB0082E954 /* SceneDelegate.swift in Sources */,
				560CC02625B6278A003C4BF7 /* User.swift in Sources */,
				569BF8AF25C599E400DF8030 /* DeliveryNoteTableViewController.swift in Sources */,
			);
			runOnlyForDeploymentPostprocessing = 0;
		};
/* End PBXSourcesBuildPhase section */

/* Begin PBXVariantGroup section */
		5601E7D2244248AB0082E954 /* Main.storyboard */ = {
			isa = PBXVariantGroup;
			children = (
				5601E7D3244248AB0082E954 /* Base */,
			);
			name = Main.storyboard;
			sourceTree = "<group>";
		};
		5601E7D7244248AB0082E954 /* LaunchScreen.storyboard */ = {
			isa = PBXVariantGroup;
			children = (
				5601E7D8244248AB0082E954 /* Base */,
			);
			name = LaunchScreen.storyboard;
			sourceTree = "<group>";
		};
/* End PBXVariantGroup section */

/* Begin XCBuildConfiguration section */
		5601E7DB244248AB0082E954 /* Debug */ = {
			isa = XCBuildConfiguration;
			buildSettings = {
				ALWAYS_SEARCH_USER_PATHS = NO;
				CLANG_ANALYZER_NONNULL = YES;
				CLANG_ANALYZER_NUMBER_OBJECT_CONVERSION = YES_AGGRESSIVE;
				CLANG_CXX_LANGUAGE_STANDARD = "gnu++14";
				CLANG_CXX_LIBRARY = "libc++";
				CLANG_ENABLE_MODULES = YES;
				CLANG_ENABLE_OBJC_ARC = YES;
				CLANG_ENABLE_OBJC_WEAK = YES;
				CLANG_WARN_BLOCK_CAPTURE_AUTORELEASING = YES;
				CLANG_WARN_BOOL_CONVERSION = YES;
				CLANG_WARN_COMMA = YES;
				CLANG_WARN_CONSTANT_CONVERSION = YES;
				CLANG_WARN_DEPRECATED_OBJC_IMPLEMENTATIONS = YES;
				CLANG_WARN_DIRECT_OBJC_ISA_USAGE = YES_ERROR;
				CLANG_WARN_DOCUMENTATION_COMMENTS = YES;
				CLANG_WARN_EMPTY_BODY = YES;
				CLANG_WARN_ENUM_CONVERSION = YES;
				CLANG_WARN_INFINITE_RECURSION = YES;
				CLANG_WARN_INT_CONVERSION = YES;
				CLANG_WARN_NON_LITERAL_NULL_CONVERSION = YES;
				CLANG_WARN_OBJC_IMPLICIT_RETAIN_SELF = YES;
				CLANG_WARN_OBJC_LITERAL_CONVERSION = YES;
				CLANG_WARN_OBJC_ROOT_CLASS = YES_ERROR;
				CLANG_WARN_RANGE_LOOP_ANALYSIS = YES;
				CLANG_WARN_STRICT_PROTOTYPES = YES;
				CLANG_WARN_SUSPICIOUS_MOVE = YES;
				CLANG_WARN_UNGUARDED_AVAILABILITY = YES_AGGRESSIVE;
				CLANG_WARN_UNREACHABLE_CODE = YES;
				CLANG_WARN__DUPLICATE_METHOD_MATCH = YES;
				COPY_PHASE_STRIP = NO;
				DEBUG_INFORMATION_FORMAT = dwarf;
				ENABLE_STRICT_OBJC_MSGSEND = YES;
				ENABLE_TESTABILITY = YES;
				GCC_C_LANGUAGE_STANDARD = gnu11;
				GCC_DYNAMIC_NO_PIC = NO;
				GCC_NO_COMMON_BLOCKS = YES;
				GCC_OPTIMIZATION_LEVEL = 0;
				GCC_PREPROCESSOR_DEFINITIONS = (
					"DEBUG=1",
					"$(inherited)",
				);
				GCC_WARN_64_TO_32_BIT_CONVERSION = YES;
				GCC_WARN_ABOUT_RETURN_TYPE = YES_ERROR;
				GCC_WARN_UNDECLARED_SELECTOR = YES;
				GCC_WARN_UNINITIALIZED_AUTOS = YES_AGGRESSIVE;
				GCC_WARN_UNUSED_FUNCTION = YES;
				GCC_WARN_UNUSED_VARIABLE = YES;
				IPHONEOS_DEPLOYMENT_TARGET = 13.2;
				MTL_ENABLE_DEBUG_INFO = INCLUDE_SOURCE;
				MTL_FAST_MATH = YES;
				ONLY_ACTIVE_ARCH = YES;
				SDKROOT = iphoneos;
				SWIFT_ACTIVE_COMPILATION_CONDITIONS = DEBUG;
				SWIFT_OPTIMIZATION_LEVEL = "-Onone";
			};
			name = Debug;
		};
		5601E7DC244248AB0082E954 /* Release */ = {
			isa = XCBuildConfiguration;
			buildSettings = {
				ALWAYS_SEARCH_USER_PATHS = NO;
				CLANG_ANALYZER_NONNULL = YES;
				CLANG_ANALYZER_NUMBER_OBJECT_CONVERSION = YES_AGGRESSIVE;
				CLANG_CXX_LANGUAGE_STANDARD = "gnu++14";
				CLANG_CXX_LIBRARY = "libc++";
				CLANG_ENABLE_MODULES = YES;
				CLANG_ENABLE_OBJC_ARC = YES;
				CLANG_ENABLE_OBJC_WEAK = YES;
				CLANG_WARN_BLOCK_CAPTURE_AUTORELEASING = YES;
				CLANG_WARN_BOOL_CONVERSION = YES;
				CLANG_WARN_COMMA = YES;
				CLANG_WARN_CONSTANT_CONVERSION = YES;
				CLANG_WARN_DEPRECATED_OBJC_IMPLEMENTATIONS = YES;
				CLANG_WARN_DIRECT_OBJC_ISA_USAGE = YES_ERROR;
				CLANG_WARN_DOCUMENTATION_COMMENTS = YES;
				CLANG_WARN_EMPTY_BODY = YES;
				CLANG_WARN_ENUM_CONVERSION = YES;
				CLANG_WARN_INFINITE_RECURSION = YES;
				CLANG_WARN_INT_CONVERSION = YES;
				CLANG_WARN_NON_LITERAL_NULL_CONVERSION = YES;
				CLANG_WARN_OBJC_IMPLICIT_RETAIN_SELF = YES;
				CLANG_WARN_OBJC_LITERAL_CONVERSION = YES;
				CLANG_WARN_OBJC_ROOT_CLASS = YES_ERROR;
				CLANG_WARN_RANGE_LOOP_ANALYSIS = YES;
				CLANG_WARN_STRICT_PROTOTYPES = YES;
				CLANG_WARN_SUSPICIOUS_MOVE = YES;
				CLANG_WARN_UNGUARDED_AVAILABILITY = YES_AGGRESSIVE;
				CLANG_WARN_UNREACHABLE_CODE = YES;
				CLANG_WARN__DUPLICATE_METHOD_MATCH = YES;
				COPY_PHASE_STRIP = NO;
				DEBUG_INFORMATION_FORMAT = "dwarf-with-dsym";
				ENABLE_NS_ASSERTIONS = NO;
				ENABLE_STRICT_OBJC_MSGSEND = YES;
				GCC_C_LANGUAGE_STANDARD = gnu11;
				GCC_NO_COMMON_BLOCKS = YES;
				GCC_WARN_64_TO_32_BIT_CONVERSION = YES;
				GCC_WARN_ABOUT_RETURN_TYPE = YES_ERROR;
				GCC_WARN_UNDECLARED_SELECTOR = YES;
				GCC_WARN_UNINITIALIZED_AUTOS = YES_AGGRESSIVE;
				GCC_WARN_UNUSED_FUNCTION = YES;
				GCC_WARN_UNUSED_VARIABLE = YES;
				IPHONEOS_DEPLOYMENT_TARGET = 13.2;
				MTL_ENABLE_DEBUG_INFO = NO;
				MTL_FAST_MATH = YES;
				SDKROOT = iphoneos;
				SWIFT_COMPILATION_MODE = wholemodule;
				SWIFT_OPTIMIZATION_LEVEL = "-O";
				VALIDATE_PRODUCT = YES;
			};
			name = Release;
		};
		5601E7DE244248AB0082E954 /* Debug */ = {
			isa = XCBuildConfiguration;
			buildSettings = {
				ASSETCATALOG_COMPILER_APPICON_NAME = AppIcon;
				CODE_SIGN_STYLE = Automatic;
				INFOPLIST_FILE = zoomenta/Info.plist;
				LD_RUNPATH_SEARCH_PATHS = (
					"$(inherited)",
					"@executable_path/Frameworks",
				);
				PRODUCT_BUNDLE_IDENTIFIER = com.mentadev.zoomenta;
				PRODUCT_NAME = "$(TARGET_NAME)";
				SWIFT_VERSION = 5.0;
				TARGETED_DEVICE_FAMILY = "1,2";
			};
			name = Debug;
		};
		5601E7DF244248AB0082E954 /* Release */ = {
			isa = XCBuildConfiguration;
			buildSettings = {
				ASSETCATALOG_COMPILER_APPICON_NAME = AppIcon;
				CODE_SIGN_STYLE = Automatic;
				INFOPLIST_FILE = zoomenta/Info.plist;
				LD_RUNPATH_SEARCH_PATHS = (
					"$(inherited)",
					"@executable_path/Frameworks",
				);
				PRODUCT_BUNDLE_IDENTIFIER = com.mentadev.zoomenta;
				PRODUCT_NAME = "$(TARGET_NAME)";
				SWIFT_VERSION = 5.0;
				TARGETED_DEVICE_FAMILY = "1,2";
			};
			name = Release;
		};
/* End XCBuildConfiguration section */

/* Begin XCConfigurationList section */
		5601E7C4244248AB0082E954 /* Build configuration list for PBXProject "zoomenta" */ = {
			isa = XCConfigurationList;
			buildConfigurations = (
				5601E7DB244248AB0082E954 /* Debug */,
				5601E7DC244248AB0082E954 /* Release */,
			);
			defaultConfigurationIsVisible = 0;
			defaultConfigurationName = Release;
		};
		5601E7DD244248AB0082E954 /* Build configuration list for PBXNativeTarget "zoomenta" */ = {
			isa = XCConfigurationList;
			buildConfigurations = (
				5601E7DE244248AB0082E954 /* Debug */,
				5601E7DF244248AB0082E954 /* Release */,
			);
			defaultConfigurationIsVisible = 0;
			defaultConfigurationName = Release;
		};
/* End XCConfigurationList section */
	};
	rootObject = 5601E7C1244248AB0082E954 /* Project object */;
}
